
Microsoft Visual Studio Solution File, Format Version 12.00
# Visual Studio Version 17
VisualStudioVersion = 17.5.33414.496
MinimumVisualStudioVersion = 10.0.40219.1
Project("{FAE04EC0-301F-11D3-BF4B-00C04F79EFBC}") = "SistemaVisitas", "SistemaVisitas\SistemaVisitas.csproj", "{1A1B1A01-B0AF-4E02-8F7F-CC63A1878CD1}"
EndProject
Global
	GlobalSection(SolutionConfigurationPlatforms) = preSolution
		Debug|Any CPU = Debug|Any CPU
		Release|Any CPU = Release|Any CPU
	EndGlobalSection
	GlobalSection(ProjectConfigurationPlatforms) = postSolution
		{1A1B1A01-B0AF-4E02-8F7F-CC63A1878CD1}.Debug|Any CPU.ActiveCfg = Debug|Any CPU
		{1A1B1A01-B0AF-4E02-8F7F-CC63A1878CD1}.Debug|Any CPU.Build.0 = Debug|Any CPU
		{1A1B1A01-B0AF-4E02-8F7F-CC63A1878CD1}.Release|Any CPU.ActiveCfg = Release|Any CPU
		{1A1B1A01-B0AF-4E02-8F7F-CC63A1878CD1}.Release|Any CPU.Build.0 = Release|Any CPU
	EndGlobalSection
	GlobalSection(SolutionProperties) = preSolution
		HideSolutionNode = FALSE
	EndGlobalSection
	GlobalSection(ExtensibilityGlobals) = postSolution
		SolutionGuid = {10C64021-A776-49E1-81AE-31D6394705AE}
	EndGlobalSection
EndGlobal
